{
  "lockfileVersion": 1,
  "workspaces": {
    "": {
      "name": "uuniq",
      "dependencies": {
        "@types/any-base": "^1.1.3",
        "@types/lodash.merge": "^4.6.9",
        "any-base": "^1.1.0",
        "lodash.merge": "^4.6.2",
      },
      "devDependencies": {
        "neatlint": "^1.1.19",
        "prettier": "^3.6.2",
        "tsup": "^8.5.0",
      },
    },
  },
  "packages": {
    "@esbuild/linux-x64": ["@esbuild/linux-x64@0.25.4", "", { "os": "linux", "cpu": "x64" }, ""],

    "@eslint-community/eslint-utils": ["@eslint-community/eslint-utils@4.9.0", "", { "dependencies": { "eslint-visitor-keys": "^3.4.3" }, "peerDependencies": { "eslint": "^6.0.0 || ^7.0.0 || >=8.0.0" } }, "sha512-ayVFHdtZ+hsq1t2Dy24wCmGXGe4q9Gu3smhLYALJrr473ZH27MsnSL+LKUlimp4BWJqMDMLmPpx/Q9R3OAlL4g=="],

    "@eslint-community/regexpp": ["@eslint-community/regexpp@4.12.1", "", {}, ""],

    "@eslint/config-array": ["@eslint/config-array@0.21.0", "", { "dependencies": { "@eslint/object-schema": "^2.1.6", "debug": "^4.3.1", "minimatch": "^3.1.2" } }, "sha512-ENIdc4iLu0d93HeYirvKmrzshzofPw6VkZRKQGe9Nv46ZnWUzcF1xV01dcvEg/1wXUR61OmmlSfyeyO7EvjLxQ=="],

    "@eslint/config-helpers": ["@eslint/config-helpers@0.4.0", "", { "dependencies": { "@eslint/core": "^0.16.0" } }, "sha512-WUFvV4WoIwW8Bv0KeKCIIEgdSiFOsulyN0xrMu+7z43q/hkOLXjvb5u7UC9jDxvRzcrbEmuZBX5yJZz1741jog=="],

    "@eslint/core": ["@eslint/core@0.16.0", "", { "dependencies": { "@types/json-schema": "^7.0.15" } }, "sha512-nmC8/totwobIiFcGkDza3GIKfAw1+hLiYVrh3I1nIomQ8PEr5cxg34jnkmGawul/ep52wGRAcyeDCNtWKSOj4Q=="],

    "@eslint/eslintrc": ["@eslint/eslintrc@3.3.1", "", { "dependencies": { "ajv": "^6.12.4", "debug": "^4.3.2", "espree": "^10.0.1", "globals": "^14.0.0", "ignore": "^5.2.0", "import-fresh": "^3.2.1", "js-yaml": "^4.1.0", "minimatch": "^3.1.2", "strip-json-comments": "^3.1.1" } }, ""],

    "@eslint/js": ["@eslint/js@9.37.0", "", {}, "sha512-jaS+NJ+hximswBG6pjNX0uEJZkrT0zwpVi3BA3vX22aFGjJjmgSTSmPpZCRKmoBL5VY/M6p0xsSJx7rk7sy5gg=="],

    "@eslint/object-schema": ["@eslint/object-schema@2.1.6", "", {}, ""],

    "@eslint/plugin-kit": ["@eslint/plugin-kit@0.4.0", "", { "dependencies": { "@eslint/core": "^0.16.0", "levn": "^0.4.1" } }, "sha512-sB5uyeq+dwCWyPi31B2gQlVlo+j5brPlWx4yZBrEaRo/nhdDE8Xke1gsGgtiBdaBTxuTkceLVuVt/pclrasb0A=="],

    "@humanfs/core": ["@humanfs/core@0.19.1", "", {}, ""],

    "@humanfs/node": ["@humanfs/node@0.16.6", "", { "dependencies": { "@humanfs/core": "^0.19.1", "@humanwhocodes/retry": "^0.3.0" } }, ""],

    "@humanwhocodes/module-importer": ["@humanwhocodes/module-importer@1.0.1", "", {}, ""],

    "@humanwhocodes/retry": ["@humanwhocodes/retry@0.4.3", "", {}, ""],

    "@isaacs/cliui": ["@isaacs/cliui@8.0.2", "", { "dependencies": { "string-width": "^5.1.2", "string-width-cjs": "npm:string-width@^4.2.0", "strip-ansi": "^7.0.1", "strip-ansi-cjs": "npm:strip-ansi@^6.0.1", "wrap-ansi": "^8.1.0", "wrap-ansi-cjs": "npm:wrap-ansi@^7.0.0" } }, ""],

    "@jridgewell/gen-mapping": ["@jridgewell/gen-mapping@0.3.8", "", { "dependencies": { "@jridgewell/set-array": "^1.2.1", "@jridgewell/sourcemap-codec": "^1.4.10", "@jridgewell/trace-mapping": "^0.3.24" } }, ""],

    "@jridgewell/resolve-uri": ["@jridgewell/resolve-uri@3.1.2", "", {}, ""],

    "@jridgewell/set-array": ["@jridgewell/set-array@1.2.1", "", {}, ""],

    "@jridgewell/sourcemap-codec": ["@jridgewell/sourcemap-codec@1.5.5", "", {}, "sha512-cYQ9310grqxueWbl+WuIUIaiUaDcj7WOq5fVhEljNVgRfOUhY9fy2zTvfoqWsnebh8Sl70VScFbICvJnLKB0Og=="],

    "@jridgewell/trace-mapping": ["@jridgewell/trace-mapping@0.3.25", "", { "dependencies": { "@jridgewell/resolve-uri": "^3.1.0", "@jridgewell/sourcemap-codec": "^1.4.14" } }, ""],

    "@nodelib/fs.scandir": ["@nodelib/fs.scandir@2.1.5", "", { "dependencies": { "@nodelib/fs.stat": "2.0.5", "run-parallel": "^1.1.9" } }, ""],

    "@nodelib/fs.stat": ["@nodelib/fs.stat@2.0.5", "", {}, ""],

    "@nodelib/fs.walk": ["@nodelib/fs.walk@1.2.8", "", { "dependencies": { "@nodelib/fs.scandir": "2.1.5", "fastq": "^1.6.0" } }, ""],

    "@pkgjs/parseargs": ["@pkgjs/parseargs@0.11.0", "", {}, ""],

    "@rollup/rollup-linux-x64-gnu": ["@rollup/rollup-linux-x64-gnu@4.40.2", "", { "os": "linux", "cpu": "x64" }, ""],

    "@rollup/rollup-linux-x64-musl": ["@rollup/rollup-linux-x64-musl@4.40.2", "", { "os": "linux", "cpu": "x64" }, ""],

    "@types/any-base": ["@types/any-base@1.1.3", "", {}, ""],

    "@types/estree": ["@types/estree@1.0.7", "", {}, ""],

    "@types/json-schema": ["@types/json-schema@7.0.15", "", {}, ""],

    "@types/lodash": ["@types/lodash@4.17.20", "", {}, "sha512-H3MHACvFUEiujabxhaI/ImO6gUrd8oOurg7LQtS7mbwIXA/cUqWrvBsaeJ23aZEPk1TAYkurjfMbSELfoCXlGA=="],

    "@types/lodash.merge": ["@types/lodash.merge@4.6.9", "", { "dependencies": { "@types/lodash": "*" } }, "sha512-23sHDPmzd59kUgWyKGiOMO2Qb9YtqRO/x4IhkgNUiPQ1+5MUVqi6bCZeq9nBJ17msjIMbEIO5u+XW4Kz6aGUhQ=="],

    "@typescript-eslint/eslint-plugin": ["@typescript-eslint/eslint-plugin@8.46.0", "", { "dependencies": { "@eslint-community/regexpp": "^4.10.0", "@typescript-eslint/scope-manager": "8.46.0", "@typescript-eslint/type-utils": "8.46.0", "@typescript-eslint/utils": "8.46.0", "@typescript-eslint/visitor-keys": "8.46.0", "graphemer": "^1.4.0", "ignore": "^7.0.0", "natural-compare": "^1.4.0", "ts-api-utils": "^2.1.0" }, "peerDependencies": { "@typescript-eslint/parser": "^8.46.0", "eslint": "^8.57.0 || ^9.0.0", "typescript": ">=4.8.4 <6.0.0" } }, "sha512-hA8gxBq4ukonVXPy0OKhiaUh/68D0E88GSmtC1iAEnGaieuDi38LhS7jdCHRLi6ErJBNDGCzvh5EnzdPwUc0DA=="],

    "@typescript-eslint/parser": ["@typescript-eslint/parser@8.46.0", "", { "dependencies": { "@typescript-eslint/scope-manager": "8.46.0", "@typescript-eslint/types": "8.46.0", "@typescript-eslint/typescript-estree": "8.46.0", "@typescript-eslint/visitor-keys": "8.46.0", "debug": "^4.3.4" }, "peerDependencies": { "eslint": "^8.57.0 || ^9.0.0", "typescript": ">=4.8.4 <6.0.0" } }, "sha512-n1H6IcDhmmUEG7TNVSspGmiHHutt7iVKtZwRppD7e04wha5MrkV1h3pti9xQLcCMt6YWsncpoT0HMjkH1FNwWQ=="],

    "@typescript-eslint/project-service": ["@typescript-eslint/project-service@8.46.0", "", { "dependencies": { "@typescript-eslint/tsconfig-utils": "^8.46.0", "@typescript-eslint/types": "^8.46.0", "debug": "^4.3.4" }, "peerDependencies": { "typescript": ">=4.8.4 <6.0.0" } }, "sha512-OEhec0mH+U5Je2NZOeK1AbVCdm0ChyapAyTeXVIYTPXDJ3F07+cu87PPXcGoYqZ7M9YJVvFnfpGg1UmCIqM+QQ=="],

    "@typescript-eslint/scope-manager": ["@typescript-eslint/scope-manager@8.46.0", "", { "dependencies": { "@typescript-eslint/types": "8.46.0", "@typescript-eslint/visitor-keys": "8.46.0" } }, "sha512-lWETPa9XGcBes4jqAMYD9fW0j4n6hrPtTJwWDmtqgFO/4HF4jmdH/Q6wggTw5qIT5TXjKzbt7GsZUBnWoO3dqw=="],

    "@typescript-eslint/tsconfig-utils": ["@typescript-eslint/tsconfig-utils@8.46.0", "", { "peerDependencies": { "typescript": ">=4.8.4 <6.0.0" } }, "sha512-WrYXKGAHY836/N7zoK/kzi6p8tXFhasHh8ocFL9VZSAkvH956gfeRfcnhs3xzRy8qQ/dq3q44v1jvQieMFg2cw=="],

    "@typescript-eslint/type-utils": ["@typescript-eslint/type-utils@8.46.0", "", { "dependencies": { "@typescript-eslint/types": "8.46.0", "@typescript-eslint/typescript-estree": "8.46.0", "@typescript-eslint/utils": "8.46.0", "debug": "^4.3.4", "ts-api-utils": "^2.1.0" }, "peerDependencies": { "eslint": "^8.57.0 || ^9.0.0", "typescript": ">=4.8.4 <6.0.0" } }, "sha512-hy+lvYV1lZpVs2jRaEYvgCblZxUoJiPyCemwbQZ+NGulWkQRy0HRPYAoef/CNSzaLt+MLvMptZsHXHlkEilaeg=="],

    "@typescript-eslint/types": ["@typescript-eslint/types@8.46.0", "", {}, "sha512-bHGGJyVjSE4dJJIO5yyEWt/cHyNwga/zXGJbJJ8TiO01aVREK6gCTu3L+5wrkb1FbDkQ+TKjMNe9R/QQQP9+rA=="],

    "@typescript-eslint/typescript-estree": ["@typescript-eslint/typescript-estree@8.46.0", "", { "dependencies": { "@typescript-eslint/project-service": "8.46.0", "@typescript-eslint/tsconfig-utils": "8.46.0", "@typescript-eslint/types": "8.46.0", "@typescript-eslint/visitor-keys": "8.46.0", "debug": "^4.3.4", "fast-glob": "^3.3.2", "is-glob": "^4.0.3", "minimatch": "^9.0.4", "semver": "^7.6.0", "ts-api-utils": "^2.1.0" }, "peerDependencies": { "typescript": ">=4.8.4 <6.0.0" } }, "sha512-ekDCUfVpAKWJbRfm8T1YRrCot1KFxZn21oV76v5Fj4tr7ELyk84OS+ouvYdcDAwZL89WpEkEj2DKQ+qg//+ucg=="],

    "@typescript-eslint/utils": ["@typescript-eslint/utils@8.46.0", "", { "dependencies": { "@eslint-community/eslint-utils": "^4.7.0", "@typescript-eslint/scope-manager": "8.46.0", "@typescript-eslint/types": "8.46.0", "@typescript-eslint/typescript-estree": "8.46.0" }, "peerDependencies": { "eslint": "^8.57.0 || ^9.0.0", "typescript": ">=4.8.4 <6.0.0" } }, "sha512-nD6yGWPj1xiOm4Gk0k6hLSZz2XkNXhuYmyIrOWcHoPuAhjT9i5bAG+xbWPgFeNR8HPHHtpNKdYUXJl/D3x7f5g=="],

    "@typescript-eslint/visitor-keys": ["@typescript-eslint/visitor-keys@8.46.0", "", { "dependencies": { "@typescript-eslint/types": "8.46.0", "eslint-visitor-keys": "^4.2.1" } }, "sha512-FrvMpAK+hTbFy7vH5j1+tMYHMSKLE6RzluFJlkFNKD0p9YsUT75JlBSmr5so3QRzvMwU5/bIEdeNrxm8du8l3Q=="],

    "acorn": ["acorn@8.15.0", "", { "bin": { "acorn": "bin/acorn" } }, "sha512-NZyJarBfL7nWwIq+FDL6Zp/yHEhePMNnnJ0y3qfieCrmNvYct8uvtiV41UvlSe6apAfk0fY1FbWx+NwfmpvtTg=="],

    "acorn-jsx": ["acorn-jsx@5.3.2", "", { "peerDependencies": { "acorn": "^6.0.0 || ^7.0.0 || ^8.0.0" } }, ""],

    "ajv": ["ajv@6.12.6", "", { "dependencies": { "fast-deep-equal": "^3.1.1", "fast-json-stable-stringify": "^2.0.0", "json-schema-traverse": "^0.4.1", "uri-js": "^4.2.2" } }, ""],

    "ansi-regex": ["ansi-regex@6.1.0", "", {}, ""],

    "ansi-styles": ["ansi-styles@4.3.0", "", { "dependencies": { "color-convert": "^2.0.1" } }, ""],

    "any-base": ["any-base@1.1.0", "", {}, ""],

    "any-promise": ["any-promise@1.3.0", "", {}, ""],

    "argparse": ["argparse@2.0.1", "", {}, ""],

    "balanced-match": ["balanced-match@1.0.2", "", {}, ""],

    "brace-expansion": ["brace-expansion@1.1.11", "", { "dependencies": { "balanced-match": "^1.0.0", "concat-map": "0.0.1" } }, ""],

    "braces": ["braces@3.0.3", "", { "dependencies": { "fill-range": "^7.1.1" } }, ""],

    "bundle-require": ["bundle-require@5.1.0", "", { "dependencies": { "load-tsconfig": "^0.2.3" }, "peerDependencies": { "esbuild": ">=0.18" } }, ""],

    "cac": ["cac@6.7.14", "", {}, ""],

    "callsites": ["callsites@3.1.0", "", {}, ""],

    "chalk": ["chalk@4.1.2", "", { "dependencies": { "ansi-styles": "^4.1.0", "supports-color": "^7.1.0" } }, ""],

    "chokidar": ["chokidar@4.0.3", "", { "dependencies": { "readdirp": "^4.0.1" } }, ""],

    "color-convert": ["color-convert@2.0.1", "", { "dependencies": { "color-name": "~1.1.4" } }, ""],

    "color-name": ["color-name@1.1.4", "", {}, ""],

    "commander": ["commander@4.1.1", "", {}, ""],

    "concat-map": ["concat-map@0.0.1", "", {}, ""],

    "confbox": ["confbox@0.1.8", "", {}, "sha512-RMtmw0iFkeR4YV+fUOSucriAQNb9g8zFR52MWCtl+cCZOFRNL6zeB395vPzFhEjjn4fMxXudmELnl/KF/WrK6w=="],

    "consola": ["consola@3.4.2", "", {}, ""],

    "cross-spawn": ["cross-spawn@7.0.6", "", { "dependencies": { "path-key": "^3.1.0", "shebang-command": "^2.0.0", "which": "^2.0.1" } }, ""],

    "debug": ["debug@4.4.0", "", { "dependencies": { "ms": "^2.1.3" } }, ""],

    "deep-is": ["deep-is@0.1.4", "", {}, ""],

    "eastasianwidth": ["eastasianwidth@0.2.0", "", {}, ""],

    "emoji-regex": ["emoji-regex@9.2.2", "", {}, ""],

    "esbuild": ["esbuild@0.25.4", "", { "optionalDependencies": { "@esbuild/linux-x64": "0.25.4" }, "bin": "bin/esbuild" }, ""],

    "escape-string-regexp": ["escape-string-regexp@4.0.0", "", {}, ""],

    "eslint": ["eslint@9.37.0", "", { "dependencies": { "@eslint-community/eslint-utils": "^4.8.0", "@eslint-community/regexpp": "^4.12.1", "@eslint/config-array": "^0.21.0", "@eslint/config-helpers": "^0.4.0", "@eslint/core": "^0.16.0", "@eslint/eslintrc": "^3.3.1", "@eslint/js": "9.37.0", "@eslint/plugin-kit": "^0.4.0", "@humanfs/node": "^0.16.6", "@humanwhocodes/module-importer": "^1.0.1", "@humanwhocodes/retry": "^0.4.2", "@types/estree": "^1.0.6", "@types/json-schema": "^7.0.15", "ajv": "^6.12.4", "chalk": "^4.0.0", "cross-spawn": "^7.0.6", "debug": "^4.3.2", "escape-string-regexp": "^4.0.0", "eslint-scope": "^8.4.0", "eslint-visitor-keys": "^4.2.1", "espree": "^10.4.0", "esquery": "^1.5.0", "esutils": "^2.0.2", "fast-deep-equal": "^3.1.3", "file-entry-cache": "^8.0.0", "find-up": "^5.0.0", "glob-parent": "^6.0.2", "ignore": "^5.2.0", "imurmurhash": "^0.1.4", "is-glob": "^4.0.0", "json-stable-stringify-without-jsonify": "^1.0.1", "lodash.merge": "^4.6.2", "minimatch": "^3.1.2", "natural-compare": "^1.4.0", "optionator": "^0.9.3" }, "peerDependencies": { "jiti": "*" }, "optionalPeers": ["jiti"], "bin": { "eslint": "bin/eslint.js" } }, "sha512-XyLmROnACWqSxiGYArdef1fItQd47weqB7iwtfr9JHwRrqIXZdcFMvvEcL9xHCmL0SNsOvF0c42lWyM1U5dgig=="],

    "eslint-scope": ["eslint-scope@8.4.0", "", { "dependencies": { "esrecurse": "^4.3.0", "estraverse": "^5.2.0" } }, "sha512-sNXOfKCn74rt8RICKMvJS7XKV/Xk9kA7DyJr8mJik3S7Cwgy3qlkkmyS2uQB3jiJg6VNdZd/pDBJu0nvG2NlTg=="],

    "eslint-visitor-keys": ["eslint-visitor-keys@4.2.1", "", {}, "sha512-Uhdk5sfqcee/9H/rCOJikYz67o0a2Tw2hGRPOG2Y1R2dg7brRe1uG0yaNQDHu+TO/uQPF/5eCapvYSmHUjt7JQ=="],

    "espree": ["espree@10.4.0", "", { "dependencies": { "acorn": "^8.15.0", "acorn-jsx": "^5.3.2", "eslint-visitor-keys": "^4.2.1" } }, "sha512-j6PAQ2uUr79PZhBjP5C5fhl8e39FmRnOjsD5lGnWrFU8i2G776tBK7+nP8KuQUTTyAZUwfQqXAgrVH5MbH9CYQ=="],

    "esquery": ["esquery@1.6.0", "", { "dependencies": { "estraverse": "^5.1.0" } }, ""],

    "esrecurse": ["esrecurse@4.3.0", "", { "dependencies": { "estraverse": "^5.2.0" } }, ""],

    "estraverse": ["estraverse@5.3.0", "", {}, ""],

    "esutils": ["esutils@2.0.3", "", {}, ""],

    "fast-deep-equal": ["fast-deep-equal@3.1.3", "", {}, ""],

    "fast-glob": ["fast-glob@3.3.3", "", { "dependencies": { "@nodelib/fs.stat": "^2.0.2", "@nodelib/fs.walk": "^1.2.3", "glob-parent": "^5.1.2", "merge2": "^1.3.0", "micromatch": "^4.0.8" } }, ""],

    "fast-json-stable-stringify": ["fast-json-stable-stringify@2.1.0", "", {}, ""],

    "fast-levenshtein": ["fast-levenshtein@2.0.6", "", {}, ""],

    "fastq": ["fastq@1.19.1", "", { "dependencies": { "reusify": "^1.0.4" } }, ""],

    "fdir": ["fdir@6.4.4", "", { "peerDependencies": { "picomatch": "^3 || ^4" } }, ""],

    "file-entry-cache": ["file-entry-cache@8.0.0", "", { "dependencies": { "flat-cache": "^4.0.0" } }, ""],

    "fill-range": ["fill-range@7.1.1", "", { "dependencies": { "to-regex-range": "^5.0.1" } }, ""],

    "find-up": ["find-up@5.0.0", "", { "dependencies": { "locate-path": "^6.0.0", "path-exists": "^4.0.0" } }, ""],

    "fix-dts-default-cjs-exports": ["fix-dts-default-cjs-exports@1.0.1", "", { "dependencies": { "magic-string": "^0.30.17", "mlly": "^1.7.4", "rollup": "^4.34.8" } }, "sha512-pVIECanWFC61Hzl2+oOCtoJ3F17kglZC/6N94eRWycFgBH35hHx0Li604ZIzhseh97mf2p0cv7vVrOZGoqhlEg=="],

    "flat-cache": ["flat-cache@4.0.1", "", { "dependencies": { "flatted": "^3.2.9", "keyv": "^4.5.4" } }, ""],

    "flatted": ["flatted@3.3.3", "", {}, ""],

    "foreground-child": ["foreground-child@3.3.1", "", { "dependencies": { "cross-spawn": "^7.0.6", "signal-exit": "^4.0.1" } }, ""],

    "glob": ["glob@10.4.5", "", { "dependencies": { "foreground-child": "^3.1.0", "jackspeak": "^3.1.2", "minimatch": "^9.0.4", "minipass": "^7.1.2", "package-json-from-dist": "^1.0.0", "path-scurry": "^1.11.1" }, "bin": "dist/esm/bin.mjs" }, ""],

    "glob-parent": ["glob-parent@6.0.2", "", { "dependencies": { "is-glob": "^4.0.3" } }, ""],

    "globals": ["globals@14.0.0", "", {}, ""],

    "graphemer": ["graphemer@1.4.0", "", {}, ""],

    "has-flag": ["has-flag@4.0.0", "", {}, ""],

    "ignore": ["ignore@5.3.2", "", {}, ""],

    "import-fresh": ["import-fresh@3.3.1", "", { "dependencies": { "parent-module": "^1.0.0", "resolve-from": "^4.0.0" } }, ""],

    "imurmurhash": ["imurmurhash@0.1.4", "", {}, ""],

    "is-extglob": ["is-extglob@2.1.1", "", {}, ""],

    "is-fullwidth-code-point": ["is-fullwidth-code-point@3.0.0", "", {}, ""],

    "is-glob": ["is-glob@4.0.3", "", { "dependencies": { "is-extglob": "^2.1.1" } }, ""],

    "is-number": ["is-number@7.0.0", "", {}, ""],

    "isexe": ["isexe@2.0.0", "", {}, ""],

    "jackspeak": ["jackspeak@3.4.3", "", { "dependencies": { "@isaacs/cliui": "^8.0.2" }, "optionalDependencies": { "@pkgjs/parseargs": "^0.11.0" } }, ""],

    "jiti": ["jiti@2.6.1", "", { "bin": { "jiti": "lib/jiti-cli.mjs" } }, "sha512-ekilCSN1jwRvIbgeg/57YFh8qQDNbwDb9xT/qu2DAHbFFZUicIl4ygVaAvzveMhMVr3LnpSKTNnwt8PoOfmKhQ=="],

    "joycon": ["joycon@3.1.1", "", {}, ""],

    "js-yaml": ["js-yaml@4.1.0", "", { "dependencies": { "argparse": "^2.0.1" }, "bin": "bin/js-yaml.js" }, ""],

    "json-buffer": ["json-buffer@3.0.1", "", {}, ""],

    "json-schema-traverse": ["json-schema-traverse@0.4.1", "", {}, ""],

    "json-stable-stringify-without-jsonify": ["json-stable-stringify-without-jsonify@1.0.1", "", {}, ""],

    "keyv": ["keyv@4.5.4", "", { "dependencies": { "json-buffer": "3.0.1" } }, ""],

    "levn": ["levn@0.4.1", "", { "dependencies": { "prelude-ls": "^1.2.1", "type-check": "~0.4.0" } }, ""],

    "lilconfig": ["lilconfig@3.1.3", "", {}, ""],

    "lines-and-columns": ["lines-and-columns@1.2.4", "", {}, ""],

    "load-tsconfig": ["load-tsconfig@0.2.5", "", {}, ""],

    "locate-path": ["locate-path@6.0.0", "", { "dependencies": { "p-locate": "^5.0.0" } }, ""],

    "lodash.merge": ["lodash.merge@4.6.2", "", {}, ""],

    "lodash.sortby": ["lodash.sortby@4.7.0", "", {}, ""],

    "lru-cache": ["lru-cache@10.4.3", "", {}, ""],

    "magic-string": ["magic-string@0.30.19", "", { "dependencies": { "@jridgewell/sourcemap-codec": "^1.5.5" } }, "sha512-2N21sPY9Ws53PZvsEpVtNuSW+ScYbQdp4b9qUaL+9QkHUrGFKo56Lg9Emg5s9V/qrtNBmiR01sYhUOwu3H+VOw=="],

    "merge2": ["merge2@1.4.1", "", {}, ""],

    "micromatch": ["micromatch@4.0.8", "", { "dependencies": { "braces": "^3.0.3", "picomatch": "^2.3.1" } }, ""],

    "minimatch": ["minimatch@3.1.2", "", { "dependencies": { "brace-expansion": "^1.1.7" } }, ""],

    "minipass": ["minipass@7.1.2", "", {}, ""],

    "mlly": ["mlly@1.8.0", "", { "dependencies": { "acorn": "^8.15.0", "pathe": "^2.0.3", "pkg-types": "^1.3.1", "ufo": "^1.6.1" } }, "sha512-l8D9ODSRWLe2KHJSifWGwBqpTZXIXTeo8mlKjY+E2HAakaTeNpqAyBZ8GSqLzHgw4XmHmC8whvpjJNMbFZN7/g=="],

    "ms": ["ms@2.1.3", "", {}, ""],

    "mz": ["mz@2.7.0", "", { "dependencies": { "any-promise": "^1.0.0", "object-assign": "^4.0.1", "thenify-all": "^1.0.0" } }, ""],

    "natural-compare": ["natural-compare@1.4.0", "", {}, ""],

    "neatlint": ["neatlint@1.1.19", "", { "dependencies": { "@eslint/js": "^9.37.0", "@types/lodash.merge": "^4.6.9", "eslint": "^9.37.0", "jiti": "^2.6.1", "lodash.merge": "^4.6.2", "typescript": "^5.9.3", "typescript-eslint": "^8.46.0" } }, "sha512-p1TSy85j9AV7+hm5jOjhLwxxjKgldApefwlORyAouWr+sVu13q//zIKhMgawnw6D6vAZE8A9nQlVEd2MuKlWmw=="],

    "object-assign": ["object-assign@4.1.1", "", {}, ""],

    "optionator": ["optionator@0.9.4", "", { "dependencies": { "deep-is": "^0.1.3", "fast-levenshtein": "^2.0.6", "levn": "^0.4.1", "prelude-ls": "^1.2.1", "type-check": "^0.4.0", "word-wrap": "^1.2.5" } }, ""],

    "p-limit": ["p-limit@3.1.0", "", { "dependencies": { "yocto-queue": "^0.1.0" } }, ""],

    "p-locate": ["p-locate@5.0.0", "", { "dependencies": { "p-limit": "^3.0.2" } }, ""],

    "package-json-from-dist": ["package-json-from-dist@1.0.1", "", {}, ""],

    "parent-module": ["parent-module@1.0.1", "", { "dependencies": { "callsites": "^3.0.0" } }, ""],

    "path-exists": ["path-exists@4.0.0", "", {}, ""],

    "path-key": ["path-key@3.1.1", "", {}, ""],

    "path-scurry": ["path-scurry@1.11.1", "", { "dependencies": { "lru-cache": "^10.2.0", "minipass": "^5.0.0 || ^6.0.2 || ^7.0.0" } }, ""],

    "pathe": ["pathe@2.0.3", "", {}, "sha512-WUjGcAqP1gQacoQe+OBJsFA7Ld4DyXuUIjZ5cc75cLHvJ7dtNsTugphxIADwspS+AraAUePCKrSVtPLFj/F88w=="],

    "picocolors": ["picocolors@1.1.1", "", {}, ""],

    "picomatch": ["picomatch@4.0.2", "", {}, ""],

    "pirates": ["pirates@4.0.7", "", {}, ""],

    "pkg-types": ["pkg-types@1.3.1", "", { "dependencies": { "confbox": "^0.1.8", "mlly": "^1.7.4", "pathe": "^2.0.1" } }, "sha512-/Jm5M4RvtBFVkKWRu2BLUTNP8/M2a+UwuAX+ae4770q1qVGtfjG+WTCupoZixokjmHiry8uI+dlY8KXYV5HVVQ=="],

    "postcss-load-config": ["postcss-load-config@6.0.1", "", { "dependencies": { "lilconfig": "^3.1.1" }, "peerDependencies": { "jiti": ">=1.21.0", "postcss": ">=8.0.9", "tsx": "^4.8.1", "yaml": "^2.4.2" }, "optionalPeers": ["postcss", "tsx", "yaml"] }, ""],

    "prelude-ls": ["prelude-ls@1.2.1", "", {}, ""],

    "prettier": ["prettier@3.6.2", "", { "bin": { "prettier": "bin/prettier.cjs" } }, "sha512-I7AIg5boAr5R0FFtJ6rCfD+LFsWHp81dolrFD8S79U9tb8Az2nGrJncnMSnys+bpQJfRUzqs9hnA81OAA3hCuQ=="],

    "punycode": ["punycode@2.3.1", "", {}, ""],

    "queue-microtask": ["queue-microtask@1.2.3", "", {}, ""],

    "readdirp": ["readdirp@4.1.2", "", {}, ""],

    "resolve-from": ["resolve-from@5.0.0", "", {}, ""],

    "reusify": ["reusify@1.1.0", "", {}, ""],

    "rollup": ["rollup@4.40.2", "", { "dependencies": { "@types/estree": "1.0.7" }, "optionalDependencies": { "@rollup/rollup-linux-x64-gnu": "4.40.2", "@rollup/rollup-linux-x64-musl": "4.40.2" }, "bin": "dist/bin/rollup" }, ""],

    "run-parallel": ["run-parallel@1.2.0", "", { "dependencies": { "queue-microtask": "^1.2.2" } }, ""],

    "semver": ["semver@7.7.1", "", { "bin": "bin/semver.js" }, ""],

    "shebang-command": ["shebang-command@2.0.0", "", { "dependencies": { "shebang-regex": "^3.0.0" } }, ""],

    "shebang-regex": ["shebang-regex@3.0.0", "", {}, ""],

    "signal-exit": ["signal-exit@4.1.0", "", {}, ""],

    "source-map": ["source-map@0.8.0-beta.0", "", { "dependencies": { "whatwg-url": "^7.0.0" } }, ""],

    "string-width": ["string-width@5.1.2", "", { "dependencies": { "eastasianwidth": "^0.2.0", "emoji-regex": "^9.2.2", "strip-ansi": "^7.0.1" } }, ""],

    "string-width-cjs": ["string-width@4.2.3", "", { "dependencies": { "emoji-regex": "^8.0.0", "is-fullwidth-code-point": "^3.0.0", "strip-ansi": "^6.0.1" } }, ""],

    "strip-ansi": ["strip-ansi@7.1.0", "", { "dependencies": { "ansi-regex": "^6.0.1" } }, ""],

    "strip-ansi-cjs": ["strip-ansi@6.0.1", "", { "dependencies": { "ansi-regex": "^5.0.1" } }, ""],

    "strip-json-comments": ["strip-json-comments@3.1.1", "", {}, ""],

    "sucrase": ["sucrase@3.35.0", "", { "dependencies": { "@jridgewell/gen-mapping": "^0.3.2", "commander": "^4.0.0", "glob": "^10.3.10", "lines-and-columns": "^1.1.6", "mz": "^2.7.0", "pirates": "^4.0.1", "ts-interface-checker": "^0.1.9" }, "bin": { "sucrase": "bin/sucrase", "sucrase-node": "bin/sucrase-node" } }, ""],

    "supports-color": ["supports-color@7.2.0", "", { "dependencies": { "has-flag": "^4.0.0" } }, ""],

    "thenify": ["thenify@3.3.1", "", { "dependencies": { "any-promise": "^1.0.0" } }, ""],

    "thenify-all": ["thenify-all@1.6.0", "", { "dependencies": { "thenify": ">= 3.1.0 < 4" } }, ""],

    "tinyexec": ["tinyexec@0.3.2", "", {}, ""],

    "tinyglobby": ["tinyglobby@0.2.13", "", { "dependencies": { "fdir": "^6.4.4", "picomatch": "^4.0.2" } }, ""],

    "to-regex-range": ["to-regex-range@5.0.1", "", { "dependencies": { "is-number": "^7.0.0" } }, ""],

    "tr46": ["tr46@1.0.1", "", { "dependencies": { "punycode": "^2.1.0" } }, ""],

    "tree-kill": ["tree-kill@1.2.2", "", { "bin": "cli.js" }, ""],

    "ts-api-utils": ["ts-api-utils@2.1.0", "", { "peerDependencies": { "typescript": ">=4.8.4" } }, ""],

    "ts-interface-checker": ["ts-interface-checker@0.1.13", "", {}, ""],

    "tsup": ["tsup@8.5.0", "", { "dependencies": { "bundle-require": "^5.1.0", "cac": "^6.7.14", "chokidar": "^4.0.3", "consola": "^3.4.0", "debug": "^4.4.0", "esbuild": "^0.25.0", "fix-dts-default-cjs-exports": "^1.0.0", "joycon": "^3.1.1", "picocolors": "^1.1.1", "postcss-load-config": "^6.0.1", "resolve-from": "^5.0.0", "rollup": "^4.34.8", "source-map": "0.8.0-beta.0", "sucrase": "^3.35.0", "tinyexec": "^0.3.2", "tinyglobby": "^0.2.11", "tree-kill": "^1.2.2" }, "peerDependencies": { "@microsoft/api-extractor": "^7.36.0", "@swc/core": "^1", "postcss": "^8.4.12", "typescript": ">=4.5.0" }, "optionalPeers": ["@microsoft/api-extractor", "@swc/core", "postcss", "typescript"], "bin": { "tsup": "dist/cli-default.js", "tsup-node": "dist/cli-node.js" } }, "sha512-VmBp77lWNQq6PfuMqCHD3xWl22vEoWsKajkF8t+yMBawlUS8JzEI+vOVMeuNZIuMML8qXRizFKi9oD5glKQVcQ=="],

    "type-check": ["type-check@0.4.0", "", { "dependencies": { "prelude-ls": "^1.2.1" } }, ""],

    "typescript": ["typescript@5.9.3", "", { "bin": { "tsc": "bin/tsc", "tsserver": "bin/tsserver" } }, "sha512-jl1vZzPDinLr9eUt3J/t7V6FgNEw9QjvBPdysz9KfQDD41fQrC2Y4vKQdiaUpFT4bXlb1RHhLpp8wtm6M5TgSw=="],

    "typescript-eslint": ["typescript-eslint@8.46.0", "", { "dependencies": { "@typescript-eslint/eslint-plugin": "8.46.0", "@typescript-eslint/parser": "8.46.0", "@typescript-eslint/typescript-estree": "8.46.0", "@typescript-eslint/utils": "8.46.0" }, "peerDependencies": { "eslint": "^8.57.0 || ^9.0.0", "typescript": ">=4.8.4 <6.0.0" } }, "sha512-6+ZrB6y2bT2DX3K+Qd9vn7OFOJR+xSLDj+Aw/N3zBwUt27uTw2sw2TE2+UcY1RiyBZkaGbTkVg9SSdPNUG6aUw=="],

    "ufo": ["ufo@1.6.1", "", {}, "sha512-9a4/uxlTWJ4+a5i0ooc1rU7C7YOw3wT+UGqdeNNHWnOF9qcMBgLRS+4IYUqbczewFx4mLEig6gawh7X6mFlEkA=="],

    "uri-js": ["uri-js@4.4.1", "", { "dependencies": { "punycode": "^2.1.0" } }, ""],

    "webidl-conversions": ["webidl-conversions@4.0.2", "", {}, ""],

    "whatwg-url": ["whatwg-url@7.1.0", "", { "dependencies": { "lodash.sortby": "^4.7.0", "tr46": "^1.0.1", "webidl-conversions": "^4.0.2" } }, ""],

    "which": ["which@2.0.2", "", { "dependencies": { "isexe": "^2.0.0" }, "bin": { "node-which": "bin/node-which" } }, ""],

    "word-wrap": ["word-wrap@1.2.5", "", {}, ""],

    "wrap-ansi": ["wrap-ansi@8.1.0", "", { "dependencies": { "ansi-styles": "^6.1.0", "string-width": "^5.0.1", "strip-ansi": "^7.0.1" } }, ""],

    "wrap-ansi-cjs": ["wrap-ansi@7.0.0", "", { "dependencies": { "ansi-styles": "^4.0.0", "string-width": "^4.1.0", "strip-ansi": "^6.0.0" } }, ""],

    "yocto-queue": ["yocto-queue@0.1.0", "", {}, ""],

    "@eslint-community/eslint-utils/eslint-visitor-keys": ["eslint-visitor-keys@3.4.3", "", {}, ""],

    "@eslint/eslintrc/espree": ["espree@10.3.0", "", { "dependencies": { "acorn": "^8.14.0", "acorn-jsx": "^5.3.2", "eslint-visitor-keys": "^4.2.0" } }, ""],

    "@humanfs/node/@humanwhocodes/retry": ["@humanwhocodes/retry@0.3.1", "", {}, ""],

    "@jridgewell/gen-mapping/@jridgewell/sourcemap-codec": ["@jridgewell/sourcemap-codec@1.5.0", "", {}, ""],

    "@jridgewell/trace-mapping/@jridgewell/sourcemap-codec": ["@jridgewell/sourcemap-codec@1.5.0", "", {}, ""],

    "@typescript-eslint/eslint-plugin/ignore": ["ignore@7.0.5", "", {}, "sha512-Hs59xBNfUIunMFgWAbGX5cq6893IbWg4KnrjbYwX3tx0ztorVgTDA6B2sxf8ejHJ4wz8BqGUMYlnzNBer5NvGg=="],

    "@typescript-eslint/typescript-estree/minimatch": ["minimatch@9.0.5", "", { "dependencies": { "brace-expansion": "^2.0.1" } }, ""],

    "fast-glob/glob-parent": ["glob-parent@5.1.2", "", { "dependencies": { "is-glob": "^4.0.1" } }, ""],

    "glob/minimatch": ["minimatch@9.0.5", "", { "dependencies": { "brace-expansion": "^2.0.1" } }, ""],

    "import-fresh/resolve-from": ["resolve-from@4.0.0", "", {}, ""],

    "micromatch/picomatch": ["picomatch@2.3.1", "", {}, ""],

    "string-width-cjs/emoji-regex": ["emoji-regex@8.0.0", "", {}, ""],

    "string-width-cjs/strip-ansi": ["strip-ansi@6.0.1", "", { "dependencies": { "ansi-regex": "^5.0.1" } }, ""],

    "strip-ansi-cjs/ansi-regex": ["ansi-regex@5.0.1", "", {}, ""],

    "wrap-ansi/ansi-styles": ["ansi-styles@6.2.1", "", {}, ""],

    "wrap-ansi-cjs/string-width": ["string-width@4.2.3", "", { "dependencies": { "emoji-regex": "^8.0.0", "is-fullwidth-code-point": "^3.0.0", "strip-ansi": "^6.0.1" } }, ""],

    "wrap-ansi-cjs/strip-ansi": ["strip-ansi@6.0.1", "", { "dependencies": { "ansi-regex": "^5.0.1" } }, ""],

    "@eslint/eslintrc/espree/acorn": ["acorn@8.14.1", "", { "bin": "bin/acorn" }, ""],

    "@eslint/eslintrc/espree/eslint-visitor-keys": ["eslint-visitor-keys@4.2.0", "", {}, ""],

    "@typescript-eslint/typescript-estree/minimatch/brace-expansion": ["brace-expansion@2.0.1", "", { "dependencies": { "balanced-match": "^1.0.0" } }, ""],

    "glob/minimatch/brace-expansion": ["brace-expansion@2.0.1", "", { "dependencies": { "balanced-match": "^1.0.0" } }, ""],

    "string-width-cjs/strip-ansi/ansi-regex": ["ansi-regex@5.0.1", "", {}, ""],

    "wrap-ansi-cjs/string-width/emoji-regex": ["emoji-regex@8.0.0", "", {}, ""],

    "wrap-ansi-cjs/strip-ansi/ansi-regex": ["ansi-regex@5.0.1", "", {}, ""],
  }
}
